// !$*UTF8*$!
{
	archiveVersion = 1;
	classes = {
	};
	objectVersion = 52;
	objects = {

/* Begin PBXBuildFile section */
		95067DB12792B088004B8961 /* Group.swift in Sources */ = {isa = PBXBuildFile; fileRef = 95067DB02792B088004B8961 /* Group.swift */; };
		95067DB42792B366004B8961 /* GroupList.swift in Sources */ = {isa = PBXBuildFile; fileRef = 95067DB32792B366004B8961 /* GroupList.swift */; };
		951918FB279543BE006FABAA /* GalleryRow.swift in Sources */ = {isa = PBXBuildFile; fileRef = 951918FA279543BE006FABAA /* GalleryRow.swift */; };
		951918FE27954493006FABAA /* Photo.swift in Sources */ = {isa = PBXBuildFile; fileRef = 951918FD27954493006FABAA /* Photo.swift */; };
		9539780127A1DB2C00ABDE9A /* Realm in Frameworks */ = {isa = PBXBuildFile; productRef = 9539780027A1DB2C00ABDE9A /* Realm */; };
		9539780327A1DB2C00ABDE9A /* RealmSwift in Frameworks */ = {isa = PBXBuildFile; productRef = 9539780227A1DB2C00ABDE9A /* RealmSwift */; };
		9539780627A1DD4D00ABDE9A /* RealmService.swift in Sources */ = {isa = PBXBuildFile; fileRef = 9539780527A1DD4D00ABDE9A /* RealmService.swift */; };
		9539780A27A3D7E300ABDE9A /* Detachable.swift in Sources */ = {isa = PBXBuildFile; fileRef = 9539780927A3D7E300ABDE9A /* Detachable.swift */; };
		954B0A642791D01A00118FF7 /* UserTabView.swift in Sources */ = {isa = PBXBuildFile; fileRef = 954B0A632791D01A00118FF7 /* UserTabView.swift */; };
		954B0A672791D60800118FF7 /* PhotoView.swift in Sources */ = {isa = PBXBuildFile; fileRef = 954B0A662791D60800118FF7 /* PhotoView.swift */; };
		954B0A85279200F600118FF7 /* FriendsList.swift in Sources */ = {isa = PBXBuildFile; fileRef = 954B0A84279200F600118FF7 /* FriendsList.swift */; };
		954B0A8A2792026900118FF7 /* User.swift in Sources */ = {isa = PBXBuildFile; fileRef = 954B0A892792026900118FF7 /* User.swift */; };
		954B0A8E2792056E00118FF7 /* FakeData.swift in Sources */ = {isa = PBXBuildFile; fileRef = 954B0A8D2792056E00118FF7 /* FakeData.swift */; };
		955F399827A9365F00B58714 /* VideoRow.swift in Sources */ = {isa = PBXBuildFile; fileRef = 955F399727A9365F00B58714 /* VideoRow.swift */; };
		955F399B27A9366C00B58714 /* VideoItem.swift in Sources */ = {isa = PBXBuildFile; fileRef = 955F399A27A9366C00B58714 /* VideoItem.swift */; };
		9573198D27908CE1004101EC /* UserCell.swift in Sources */ = {isa = PBXBuildFile; fileRef = 9573198C27908CE1004101EC /* UserCell.swift */; };
		957319902790993F004101EC /* GroupCell.swift in Sources */ = {isa = PBXBuildFile; fileRef = 9573198F2790993F004101EC /* GroupCell.swift */; };
		9573199327909D21004101EC /* Modifier.swift in Sources */ = {isa = PBXBuildFile; fileRef = 9573199227909D21004101EC /* Modifier.swift */; };
		958A569B27A7B38F003CFC3E /* Author.swift in Sources */ = {isa = PBXBuildFile; fileRef = 958A569A27A7B38F003CFC3E /* Author.swift */; };
		958A569E27A7B46B003CFC3E /* Size.swift in Sources */ = {isa = PBXBuildFile; fileRef = 958A569D27A7B46B003CFC3E /* Size.swift */; };
		958A56A127A7BDEE003CFC3E /* SocialButtonsView.swift in Sources */ = {isa = PBXBuildFile; fileRef = 958A56A027A7BDEE003CFC3E /* SocialButtonsView.swift */; };
		958A56A827A7C0CA003CFC3E /* SocialButton.swift in Sources */ = {isa = PBXBuildFile; fileRef = 958A56A727A7C0CA003CFC3E /* SocialButton.swift */; };
		958A56AF27A7C6BB003CFC3E /* Format.swift in Sources */ = {isa = PBXBuildFile; fileRef = 958A56AE27A7C6BB003CFC3E /* Format.swift */; };
		958A56B327A7C980003CFC3E /* TextView.swift in Sources */ = {isa = PBXBuildFile; fileRef = 958A56B227A7C980003CFC3E /* TextView.swift */; };
		958C4DAF279542800028B832 /* GalleryItem.swift in Sources */ = {isa = PBXBuildFile; fileRef = 958C4DAE279542800028B832 /* GalleryItem.swift */; };
		95A122572791787B0067D9C0 /* LoginFieldView.swift in Sources */ = {isa = PBXBuildFile; fileRef = 95A122562791787B0067D9C0 /* LoginFieldView.swift */; };
		95BFB83F279EA04C00B46CEC /* GroupListModel.swift in Sources */ = {isa = PBXBuildFile; fileRef = 95BFB83E279EA04C00B46CEC /* GroupListModel.swift */; };
		95C264FF278D8D0800FCB4C5 /* VKDenisDmitrievApp.swift in Sources */ = {isa = PBXBuildFile; fileRef = 95C264FE278D8D0800FCB4C5 /* VKDenisDmitrievApp.swift */; };
		95C26501278D8D0800FCB4C5 /* LoginView.swift in Sources */ = {isa = PBXBuildFile; fileRef = 95C26500278D8D0800FCB4C5 /* LoginView.swift */; };
		95C26503278D8D1300FCB4C5 /* Assets.xcassets in Resources */ = {isa = PBXBuildFile; fileRef = 95C26502278D8D1300FCB4C5 /* Assets.xcassets */; };
		95C26506278D8D1300FCB4C5 /* Preview Assets.xcassets in Resources */ = {isa = PBXBuildFile; fileRef = 95C26505278D8D1300FCB4C5 /* Preview Assets.xcassets */; };
		95D3197B279A957400ED2B34 /* UserViewModel.swift in Sources */ = {isa = PBXBuildFile; fileRef = 95D3197A279A957400ED2B34 /* UserViewModel.swift */; };
		95D31980279A969700ED2B34 /* VKService.swift in Sources */ = {isa = PBXBuildFile; fileRef = 95D3197F279A969700ED2B34 /* VKService.swift */; };
		95D31985279A99E300ED2B34 /* AuthorizationViewModel.swift in Sources */ = {isa = PBXBuildFile; fileRef = 95D31984279A99E300ED2B34 /* AuthorizationViewModel.swift */; };
		95D31989279AA10800ED2B34 /* AuthorizationView.swift in Sources */ = {isa = PBXBuildFile; fileRef = 95D31988279AA10800ED2B34 /* AuthorizationView.swift */; };
		95D31992279ACD1200ED2B34 /* Session.swift in Sources */ = {isa = PBXBuildFile; fileRef = 95D31991279ACD1200ED2B34 /* Session.swift */; };
		95D319B3279B194D00ED2B34 /* Response.swift in Sources */ = {isa = PBXBuildFile; fileRef = 95D319B2279B194D00ED2B34 /* Response.swift */; };
		95D319B8279B341400ED2B34 /* FriendsListModel.swift in Sources */ = {isa = PBXBuildFile; fileRef = 95D319B7279B341400ED2B34 /* FriendsListModel.swift */; };
		95D319BD279BD79A00ED2B34 /* Kingfisher in Frameworks */ = {isa = PBXBuildFile; productRef = 95D319BC279BD79A00ED2B34 /* Kingfisher */; };
		95E97E592797015D000FACC9 /* IndexSection.swift in Sources */ = {isa = PBXBuildFile; fileRef = 95E97E582797015D000FACC9 /* IndexSection.swift */; };
		95F118BA27A71BC900E28FE1 /* NewsView.swift in Sources */ = {isa = PBXBuildFile; fileRef = 95F118B927A71BC900E28FE1 /* NewsView.swift */; };
		95F118BE27A71C0700E28FE1 /* NewsViewModel.swift in Sources */ = {isa = PBXBuildFile; fileRef = 95F118BD27A71C0700E28FE1 /* NewsViewModel.swift */; };
		95F118C127A71D5900E28FE1 /* Post.swift in Sources */ = {isa = PBXBuildFile; fileRef = 95F118C027A71D5900E28FE1 /* Post.swift */; };
		95F118C427A7A75500E28FE1 /* AuthorView.swift in Sources */ = {isa = PBXBuildFile; fileRef = 95F118C327A7A75500E28FE1 /* AuthorView.swift */; };
		95F87EEE279187E1002AF6FC /* ContentView.swift in Sources */ = {isa = PBXBuildFile; fileRef = 95F87EED279187E1002AF6FC /* ContentView.swift */; };
		95F87F372791C6D5002AF6FC /* UserView.swift in Sources */ = {isa = PBXBuildFile; fileRef = 95F87F362791C6D5002AF6FC /* UserView.swift */; };
		95F87F3A2791C733002AF6FC /* UserImage.swift in Sources */ = {isa = PBXBuildFile; fileRef = 95F87F392791C733002AF6FC /* UserImage.swift */; };
		95FBC5B027A9258B000BD307 /* Video.swift in Sources */ = {isa = PBXBuildFile; fileRef = 95FBC5AF27A9258B000BD307 /* Video.swift */; };
/* End PBXBuildFile section */

/* Begin PBXFileReference section */
		95067DB02792B088004B8961 /* Group.swift */ = {isa = PBXFileReference; lastKnownFileType = sourcecode.swift; path = Group.swift; sourceTree = "<group>"; };
		95067DB32792B366004B8961 /* GroupList.swift */ = {isa = PBXFileReference; lastKnownFileType = sourcecode.swift; path = GroupList.swift; sourceTree = "<group>"; };
		951918FA279543BE006FABAA /* GalleryRow.swift */ = {isa = PBXFileReference; lastKnownFileType = sourcecode.swift; path = GalleryRow.swift; sourceTree = "<group>"; };
		951918FD27954493006FABAA /* Photo.swift */ = {isa = PBXFileReference; lastKnownFileType = sourcecode.swift; path = Photo.swift; sourceTree = "<group>"; };
		9539780527A1DD4D00ABDE9A /* RealmService.swift */ = {isa = PBXFileReference; lastKnownFileType = sourcecode.swift; path = RealmService.swift; sourceTree = "<group>"; };
		9539780927A3D7E300ABDE9A /* Detachable.swift */ = {isa = PBXFileReference; lastKnownFileType = sourcecode.swift; path = Detachable.swift; sourceTree = "<group>"; };
		954B0A632791D01A00118FF7 /* UserTabView.swift */ = {isa = PBXFileReference; lastKnownFileType = sourcecode.swift; path = UserTabView.swift; sourceTree = "<group>"; };
		954B0A662791D60800118FF7 /* PhotoView.swift */ = {isa = PBXFileReference; lastKnownFileType = sourcecode.swift; path = PhotoView.swift; sourceTree = "<group>"; };
		954B0A84279200F600118FF7 /* FriendsList.swift */ = {isa = PBXFileReference; lastKnownFileType = sourcecode.swift; path = FriendsList.swift; sourceTree = "<group>"; };
		954B0A892792026900118FF7 /* User.swift */ = {isa = PBXFileReference; lastKnownFileType = sourcecode.swift; path = User.swift; sourceTree = "<group>"; };
		954B0A8D2792056E00118FF7 /* FakeData.swift */ = {isa = PBXFileReference; lastKnownFileType = sourcecode.swift; path = FakeData.swift; sourceTree = "<group>"; };
		955F399727A9365F00B58714 /* VideoRow.swift */ = {isa = PBXFileReference; lastKnownFileType = sourcecode.swift; path = VideoRow.swift; sourceTree = "<group>"; };
		955F399A27A9366C00B58714 /* VideoItem.swift */ = {isa = PBXFileReference; lastKnownFileType = sourcecode.swift; path = VideoItem.swift; sourceTree = "<group>"; };
		9573198C27908CE1004101EC /* UserCell.swift */ = {isa = PBXFileReference; lastKnownFileType = sourcecode.swift; path = UserCell.swift; sourceTree = "<group>"; };
		9573198F2790993F004101EC /* GroupCell.swift */ = {isa = PBXFileReference; lastKnownFileType = sourcecode.swift; path = GroupCell.swift; sourceTree = "<group>"; };
		9573199227909D21004101EC /* Modifier.swift */ = {isa = PBXFileReference; lastKnownFileType = sourcecode.swift; path = Modifier.swift; sourceTree = "<group>"; };
		958A569A27A7B38F003CFC3E /* Author.swift */ = {isa = PBXFileReference; lastKnownFileType = sourcecode.swift; path = Author.swift; sourceTree = "<group>"; };
		958A569D27A7B46B003CFC3E /* Size.swift */ = {isa = PBXFileReference; lastKnownFileType = sourcecode.swift; path = Size.swift; sourceTree = "<group>"; };
		958A56A027A7BDEE003CFC3E /* SocialButtonsView.swift */ = {isa = PBXFileReference; lastKnownFileType = sourcecode.swift; path = SocialButtonsView.swift; sourceTree = "<group>"; };
		958A56A727A7C0CA003CFC3E /* SocialButton.swift */ = {isa = PBXFileReference; lastKnownFileType = sourcecode.swift; path = SocialButton.swift; sourceTree = "<group>"; };
		958A56AE27A7C6BB003CFC3E /* Format.swift */ = {isa = PBXFileReference; lastKnownFileType = sourcecode.swift; path = Format.swift; sourceTree = "<group>"; };
		958A56B227A7C980003CFC3E /* TextView.swift */ = {isa = PBXFileReference; lastKnownFileType = sourcecode.swift; path = TextView.swift; sourceTree = "<group>"; };
		958C4DAE279542800028B832 /* GalleryItem.swift */ = {isa = PBXFileReference; lastKnownFileType = sourcecode.swift; path = GalleryItem.swift; sourceTree = "<group>"; };
		95A122562791787B0067D9C0 /* LoginFieldView.swift */ = {isa = PBXFileReference; lastKnownFileType = sourcecode.swift; path = LoginFieldView.swift; sourceTree = "<group>"; };
		95BFB83E279EA04C00B46CEC /* GroupListModel.swift */ = {isa = PBXFileReference; lastKnownFileType = sourcecode.swift; path = GroupListModel.swift; sourceTree = "<group>"; };
		95C264FB278D8D0800FCB4C5 /* VKDenisDmitriev.app */ = {isa = PBXFileReference; explicitFileType = wrapper.application; includeInIndex = 0; path = VKDenisDmitriev.app; sourceTree = BUILT_PRODUCTS_DIR; };
		95C264FE278D8D0800FCB4C5 /* VKDenisDmitrievApp.swift */ = {isa = PBXFileReference; lastKnownFileType = sourcecode.swift; path = VKDenisDmitrievApp.swift; sourceTree = "<group>"; };
		95C26500278D8D0800FCB4C5 /* LoginView.swift */ = {isa = PBXFileReference; lastKnownFileType = sourcecode.swift; path = LoginView.swift; sourceTree = "<group>"; };
		95C26502278D8D1300FCB4C5 /* Assets.xcassets */ = {isa = PBXFileReference; lastKnownFileType = folder.assetcatalog; path = Assets.xcassets; sourceTree = "<group>"; };
		95C26505278D8D1300FCB4C5 /* Preview Assets.xcassets */ = {isa = PBXFileReference; lastKnownFileType = folder.assetcatalog; path = "Preview Assets.xcassets"; sourceTree = "<group>"; };
		95C26507278D8D1300FCB4C5 /* Info.plist */ = {isa = PBXFileReference; lastKnownFileType = text.plist.xml; path = Info.plist; sourceTree = "<group>"; };
		95D3197A279A957400ED2B34 /* UserViewModel.swift */ = {isa = PBXFileReference; lastKnownFileType = sourcecode.swift; path = UserViewModel.swift; sourceTree = "<group>"; };
		95D3197F279A969700ED2B34 /* VKService.swift */ = {isa = PBXFileReference; lastKnownFileType = sourcecode.swift; path = VKService.swift; sourceTree = "<group>"; };
		95D31984279A99E300ED2B34 /* AuthorizationViewModel.swift */ = {isa = PBXFileReference; lastKnownFileType = sourcecode.swift; path = AuthorizationViewModel.swift; sourceTree = "<group>"; };
		95D31988279AA10800ED2B34 /* AuthorizationView.swift */ = {isa = PBXFileReference; lastKnownFileType = sourcecode.swift; path = AuthorizationView.swift; sourceTree = "<group>"; };
		95D31991279ACD1200ED2B34 /* Session.swift */ = {isa = PBXFileReference; lastKnownFileType = sourcecode.swift; path = Session.swift; sourceTree = "<group>"; };
		95D319B2279B194D00ED2B34 /* Response.swift */ = {isa = PBXFileReference; lastKnownFileType = sourcecode.swift; path = Response.swift; sourceTree = "<group>"; };
		95D319B7279B341400ED2B34 /* FriendsListModel.swift */ = {isa = PBXFileReference; lastKnownFileType = sourcecode.swift; path = FriendsListModel.swift; sourceTree = "<group>"; };
		95E97E582797015D000FACC9 /* IndexSection.swift */ = {isa = PBXFileReference; lastKnownFileType = sourcecode.swift; path = IndexSection.swift; sourceTree = "<group>"; };
		95F118B927A71BC900E28FE1 /* NewsView.swift */ = {isa = PBXFileReference; lastKnownFileType = sourcecode.swift; path = NewsView.swift; sourceTree = "<group>"; };
		95F118BD27A71C0700E28FE1 /* NewsViewModel.swift */ = {isa = PBXFileReference; lastKnownFileType = sourcecode.swift; path = NewsViewModel.swift; sourceTree = "<group>"; };
		95F118C027A71D5900E28FE1 /* Post.swift */ = {isa = PBXFileReference; lastKnownFileType = sourcecode.swift; path = Post.swift; sourceTree = "<group>"; };
		95F118C327A7A75500E28FE1 /* AuthorView.swift */ = {isa = PBXFileReference; lastKnownFileType = sourcecode.swift; path = AuthorView.swift; sourceTree = "<group>"; };
		95F87EED279187E1002AF6FC /* ContentView.swift */ = {isa = PBXFileReference; lastKnownFileType = sourcecode.swift; path = ContentView.swift; sourceTree = "<group>"; };
		95F87F362791C6D5002AF6FC /* UserView.swift */ = {isa = PBXFileReference; lastKnownFileType = sourcecode.swift; path = UserView.swift; sourceTree = "<group>"; };
		95F87F392791C733002AF6FC /* UserImage.swift */ = {isa = PBXFileReference; lastKnownFileType = sourcecode.swift; path = UserImage.swift; sourceTree = "<group>"; };
		95FBC5AF27A9258B000BD307 /* Video.swift */ = {isa = PBXFileReference; lastKnownFileType = sourcecode.swift; path = Video.swift; sourceTree = "<group>"; };
/* End PBXFileReference section */

/* Begin PBXFrameworksBuildPhase section */
		95C264F8278D8D0800FCB4C5 /* Frameworks */ = {
			isa = PBXFrameworksBuildPhase;
			buildActionMask = 2147483647;
			files = (
				9539780327A1DB2C00ABDE9A /* RealmSwift in Frameworks */,
				9539780127A1DB2C00ABDE9A /* Realm in Frameworks */,
				95D319BD279BD79A00ED2B34 /* Kingfisher in Frameworks */,
			);
			runOnlyForDeploymentPostprocessing = 0;
		};
/* End PBXFrameworksBuildPhase section */

/* Begin PBXGroup section */
		952D3FA5279A7A7700080C46 /* FriendsListView */ = {
			isa = PBXGroup;
			children = (
				954B0A84279200F600118FF7 /* FriendsList.swift */,
				95D319B7279B341400ED2B34 /* FriendsListModel.swift */,
				9573198C27908CE1004101EC /* UserCell.swift */,
				95E97E582797015D000FACC9 /* IndexSection.swift */,
			);
			path = FriendsListView;
			sourceTree = "<group>";
		};
		952D3FA6279A7AC100080C46 /* TabView */ = {
			isa = PBXGroup;
			children = (
				954B0A632791D01A00118FF7 /* UserTabView.swift */,
			);
			path = TabView;
			sourceTree = "<group>";
		};
		952D3FA7279A7AD300080C46 /* GroupView */ = {
			isa = PBXGroup;
			children = (
				95067DB32792B366004B8961 /* GroupList.swift */,
				95BFB83E279EA04C00B46CEC /* GroupListModel.swift */,
				9573198F2790993F004101EC /* GroupCell.swift */,
			);
			path = GroupView;
			sourceTree = "<group>";
		};
		952D3FA8279A7B0800080C46 /* UserView */ = {
			isa = PBXGroup;
			children = (
				95F87F362791C6D5002AF6FC /* UserView.swift */,
				95D3197A279A957400ED2B34 /* UserViewModel.swift */,
				95F87F392791C733002AF6FC /* UserImage.swift */,
			);
			path = UserView;
			sourceTree = "<group>";
		};
		952D3FAB279A7B3C00080C46 /* GalleryView */ = {
			isa = PBXGroup;
			children = (
				951918FA279543BE006FABAA /* GalleryRow.swift */,
				958C4DAE279542800028B832 /* GalleryItem.swift */,
			);
			path = GalleryView;
			sourceTree = "<group>";
		};
		952D3FAD279A7B4B00080C46 /* LoginView */ = {
			isa = PBXGroup;
			children = (
				95D31987279AA0E600ED2B34 /* AuthorizationView */,
				95C26500278D8D0800FCB4C5 /* LoginView.swift */,
				95A122562791787B0067D9C0 /* LoginFieldView.swift */,
			);
			path = LoginView;
			sourceTree = "<group>";
		};
		954B0A5E2791CD4400118FF7 /* PhotoView */ = {
			isa = PBXGroup;
			children = (
				954B0A662791D60800118FF7 /* PhotoView.swift */,
			);
			path = PhotoView;
			sourceTree = "<group>";
		};
		954B0A5F2791CD6E00118FF7 /* Resources */ = {
			isa = PBXGroup;
			children = (
				9573199227909D21004101EC /* Modifier.swift */,
				954B0A8D2792056E00118FF7 /* FakeData.swift */,
			);
			path = Resources;
			sourceTree = "<group>";
		};
		954B0A602791CD9900118FF7 /* View */ = {
			isa = PBXGroup;
			children = (
				95F87EED279187E1002AF6FC /* ContentView.swift */,
				952D3FA6279A7AC100080C46 /* TabView */,
				95F118B827A71BA500E28FE1 /* NewsView */,
				952D3FA5279A7A7700080C46 /* FriendsListView */,
				952D3FA7279A7AD300080C46 /* GroupView */,
				952D3FA8279A7B0800080C46 /* UserView */,
				952D3FAB279A7B3C00080C46 /* GalleryView */,
				955F399627A9364B00B58714 /* VideoView */,
				952D3FAD279A7B4B00080C46 /* LoginView */,
				954B0A5E2791CD4400118FF7 /* PhotoView */,
			);
			path = View;
			sourceTree = "<group>";
		};
		954B0A82279200B200118FF7 /* Models */ = {
			isa = PBXGroup;
			children = (
				954B0A892792026900118FF7 /* User.swift */,
				95067DB02792B088004B8961 /* Group.swift */,
				951918FD27954493006FABAA /* Photo.swift */,
				95FBC5AF27A9258B000BD307 /* Video.swift */,
				95F118C027A71D5900E28FE1 /* Post.swift */,
				958A569A27A7B38F003CFC3E /* Author.swift */,
				958A569D27A7B46B003CFC3E /* Size.swift */,
				958A56AE27A7C6BB003CFC3E /* Format.swift */,
			);
			path = Models;
			sourceTree = "<group>";
		};
		955F399627A9364B00B58714 /* VideoView */ = {
			isa = PBXGroup;
			children = (
				955F399727A9365F00B58714 /* VideoRow.swift */,
				955F399A27A9366C00B58714 /* VideoItem.swift */,
			);
			path = VideoView;
			sourceTree = "<group>";
		};
		95C264F2278D8D0800FCB4C5 = {
			isa = PBXGroup;
			children = (
				95C264FD278D8D0800FCB4C5 /* VKDenisDmitriev */,
				95C264FC278D8D0800FCB4C5 /* Products */,
			);
			sourceTree = "<group>";
		};
		95C264FC278D8D0800FCB4C5 /* Products */ = {
			isa = PBXGroup;
			children = (
				95C264FB278D8D0800FCB4C5 /* VKDenisDmitriev.app */,
			);
			name = Products;
			sourceTree = "<group>";
		};
		95C264FD278D8D0800FCB4C5 /* VKDenisDmitriev */ = {
			isa = PBXGroup;
			children = (
				95C264FE278D8D0800FCB4C5 /* VKDenisDmitrievApp.swift */,
				95D3197E279A969000ED2B34 /* Persistence */,
				954B0A602791CD9900118FF7 /* View */,
				954B0A82279200B200118FF7 /* Models */,
				954B0A5F2791CD6E00118FF7 /* Resources */,
				95C26502278D8D1300FCB4C5 /* Assets.xcassets */,
				95C26507278D8D1300FCB4C5 /* Info.plist */,
				95C26504278D8D1300FCB4C5 /* Preview Content */,
			);
			path = VKDenisDmitriev;
			sourceTree = "<group>";
		};
		95C26504278D8D1300FCB4C5 /* Preview Content */ = {
			isa = PBXGroup;
			children = (
				95C26505278D8D1300FCB4C5 /* Preview Assets.xcassets */,
			);
			path = "Preview Content";
			sourceTree = "<group>";
		};
		95D3197E279A969000ED2B34 /* Persistence */ = {
			isa = PBXGroup;
			children = (
				95D3197F279A969700ED2B34 /* VKService.swift */,
				95D319B2279B194D00ED2B34 /* Response.swift */,
				9539780527A1DD4D00ABDE9A /* RealmService.swift */,
				9539780927A3D7E300ABDE9A /* Detachable.swift */,
			);
			path = Persistence;
			sourceTree = "<group>";
		};
		95D31987279AA0E600ED2B34 /* AuthorizationView */ = {
			isa = PBXGroup;
			children = (
				95D31988279AA10800ED2B34 /* AuthorizationView.swift */,
				95D31984279A99E300ED2B34 /* AuthorizationViewModel.swift */,
				95D31991279ACD1200ED2B34 /* Session.swift */,
			);
			path = AuthorizationView;
			sourceTree = "<group>";
		};
		95F118B827A71BA500E28FE1 /* NewsView */ = {
			isa = PBXGroup;
			children = (
				95F118B927A71BC900E28FE1 /* NewsView.swift */,
				95F118BD27A71C0700E28FE1 /* NewsViewModel.swift */,
				95F118C627A7AA7600E28FE1 /* Rows */,
			);
			path = NewsView;
			sourceTree = "<group>";
		};
		95F118C627A7AA7600E28FE1 /* Rows */ = {
			isa = PBXGroup;
			children = (
				95F118C327A7A75500E28FE1 /* AuthorView.swift */,
				958A56A027A7BDEE003CFC3E /* SocialButtonsView.swift */,
				958A56B227A7C980003CFC3E /* TextView.swift */,
				958A56A727A7C0CA003CFC3E /* SocialButton.swift */,
			);
			path = Rows;
			sourceTree = "<group>";
		};
/* End PBXGroup section */

/* Begin PBXNativeTarget section */
		95C264FA278D8D0800FCB4C5 /* VKDenisDmitriev */ = {
			isa = PBXNativeTarget;
			buildConfigurationList = 95C2650A278D8D1300FCB4C5 /* Build configuration list for PBXNativeTarget "VKDenisDmitriev" */;
			buildPhases = (
				95C264F7278D8D0800FCB4C5 /* Sources */,
				95C264F8278D8D0800FCB4C5 /* Frameworks */,
				95C264F9278D8D0800FCB4C5 /* Resources */,
			);
			buildRules = (
			);
			dependencies = (
			);
			name = VKDenisDmitriev;
			packageProductDependencies = (
				95D319BC279BD79A00ED2B34 /* Kingfisher */,
				9539780027A1DB2C00ABDE9A /* Realm */,
				9539780227A1DB2C00ABDE9A /* RealmSwift */,
			);
			productName = VKDenisDmitriev;
			productReference = 95C264FB278D8D0800FCB4C5 /* VKDenisDmitriev.app */;
			productType = "com.apple.product-type.application";
		};
/* End PBXNativeTarget section */

/* Begin PBXProject section */
		95C264F3278D8D0800FCB4C5 /* Project object */ = {
			isa = PBXProject;
			attributes = {
				LastSwiftUpdateCheck = 1240;
				LastUpgradeCheck = 1240;
				TargetAttributes = {
					95C264FA278D8D0800FCB4C5 = {
						CreatedOnToolsVersion = 12.4;
					};
				};
			};
			buildConfigurationList = 95C264F6278D8D0800FCB4C5 /* Build configuration list for PBXProject "VKDenisDmitriev" */;
			compatibilityVersion = "Xcode 9.3";
			developmentRegion = en;
			hasScannedForEncodings = 0;
			knownRegions = (
				en,
				Base,
			);
			mainGroup = 95C264F2278D8D0800FCB4C5;
			packageReferences = (
				95D319BB279BD79A00ED2B34 /* XCRemoteSwiftPackageReference "Kingfisher" */,
				953977FF27A1DB2C00ABDE9A /* XCRemoteSwiftPackageReference "realm-swift" */,
			);
			productRefGroup = 95C264FC278D8D0800FCB4C5 /* Products */;
			projectDirPath = "";
			projectRoot = "";
			targets = (
				95C264FA278D8D0800FCB4C5 /* VKDenisDmitriev */,
			);
		};
/* End PBXProject section */

/* Begin PBXResourcesBuildPhase section */
		95C264F9278D8D0800FCB4C5 /* Resources */ = {
			isa = PBXResourcesBuildPhase;
			buildActionMask = 2147483647;
			files = (
				95C26506278D8D1300FCB4C5 /* Preview Assets.xcassets in Resources */,
				95C26503278D8D1300FCB4C5 /* Assets.xcassets in Resources */,
			);
			runOnlyForDeploymentPostprocessing = 0;
		};
/* End PBXResourcesBuildPhase section */

/* Begin PBXSourcesBuildPhase section */
		95C264F7278D8D0800FCB4C5 /* Sources */ = {
			isa = PBXSourcesBuildPhase;
			buildActionMask = 2147483647;
			files = (
				9539780A27A3D7E300ABDE9A /* Detachable.swift in Sources */,
				954B0A8A2792026900118FF7 /* User.swift in Sources */,
				958A56AF27A7C6BB003CFC3E /* Format.swift in Sources */,
				95D3197B279A957400ED2B34 /* UserViewModel.swift in Sources */,
				955F399827A9365F00B58714 /* VideoRow.swift in Sources */,
				95F87F3A2791C733002AF6FC /* UserImage.swift in Sources */,
				958A569E27A7B46B003CFC3E /* Size.swift in Sources */,
				95E97E592797015D000FACC9 /* IndexSection.swift in Sources */,
				951918FB279543BE006FABAA /* GalleryRow.swift in Sources */,
				95D319B8279B341400ED2B34 /* FriendsListModel.swift in Sources */,
				958A56B327A7C980003CFC3E /* TextView.swift in Sources */,
				95C26501278D8D0800FCB4C5 /* LoginView.swift in Sources */,
				95F118BA27A71BC900E28FE1 /* NewsView.swift in Sources */,
				95D31980279A969700ED2B34 /* VKService.swift in Sources */,
				95BFB83F279EA04C00B46CEC /* GroupListModel.swift in Sources */,
				951918FE27954493006FABAA /* Photo.swift in Sources */,
				95F118C127A71D5900E28FE1 /* Post.swift in Sources */,
				95067DB42792B366004B8961 /* GroupList.swift in Sources */,
				95067DB12792B088004B8961 /* Group.swift in Sources */,
				955F399B27A9366C00B58714 /* VideoItem.swift in Sources */,
				958C4DAF279542800028B832 /* GalleryItem.swift in Sources */,
				95FBC5B027A9258B000BD307 /* Video.swift in Sources */,
				9573198D27908CE1004101EC /* UserCell.swift in Sources */,
				95D319B3279B194D00ED2B34 /* Response.swift in Sources */,
				954B0A672791D60800118FF7 /* PhotoView.swift in Sources */,
				958A569B27A7B38F003CFC3E /* Author.swift in Sources */,
				954B0A642791D01A00118FF7 /* UserTabView.swift in Sources */,
				954B0A8E2792056E00118FF7 /* FakeData.swift in Sources */,
				9539780627A1DD4D00ABDE9A /* RealmService.swift in Sources */,
				95F87EEE279187E1002AF6FC /* ContentView.swift in Sources */,
				958A56A827A7C0CA003CFC3E /* SocialButton.swift in Sources */,
				957319902790993F004101EC /* GroupCell.swift in Sources */,
				95F118BE27A71C0700E28FE1 /* NewsViewModel.swift in Sources */,
				95A122572791787B0067D9C0 /* LoginFieldView.swift in Sources */,
				95C264FF278D8D0800FCB4C5 /* VKDenisDmitrievApp.swift in Sources */,
				958A56A127A7BDEE003CFC3E /* SocialButtonsView.swift in Sources */,
				95D31992279ACD1200ED2B34 /* Session.swift in Sources */,
				95D31985279A99E300ED2B34 /* AuthorizationViewModel.swift in Sources */,
				95F87F372791C6D5002AF6FC /* UserView.swift in Sources */,
				9573199327909D21004101EC /* Modifier.swift in Sources */,
				95F118C427A7A75500E28FE1 /* AuthorView.swift in Sources */,
				95D31989279AA10800ED2B34 /* AuthorizationView.swift in Sources */,
				954B0A85279200F600118FF7 /* FriendsList.swift in Sources */,
			);
			runOnlyForDeploymentPostprocessing = 0;
		};
/* End PBXSourcesBuildPhase section */

/* Begin XCBuildConfiguration section */
		95C26508278D8D1300FCB4C5 /* Debug */ = {
			isa = XCBuildConfiguration;
			buildSettings = {
				ALWAYS_SEARCH_USER_PATHS = NO;
				CLANG_ANALYZER_NONNULL = YES;
				CLANG_ANALYZER_NUMBER_OBJECT_CONVERSION = YES_AGGRESSIVE;
				CLANG_CXX_LANGUAGE_STANDARD = "gnu++14";
				CLANG_CXX_LIBRARY = "libc++";
				CLANG_ENABLE_MODULES = YES;
				CLANG_ENABLE_OBJC_ARC = YES;
				CLANG_ENABLE_OBJC_WEAK = YES;
				CLANG_WARN_BLOCK_CAPTURE_AUTORELEASING = YES;
				CLANG_WARN_BOOL_CONVERSION = YES;
				CLANG_WARN_COMMA = YES;
				CLANG_WARN_CONSTANT_CONVERSION = YES;
				CLANG_WARN_DEPRECATED_OBJC_IMPLEMENTATIONS = YES;
				CLANG_WARN_DIRECT_OBJC_ISA_USAGE = YES_ERROR;
				CLANG_WARN_DOCUMENTATION_COMMENTS = YES;
				CLANG_WARN_EMPTY_BODY = YES;
				CLANG_WARN_ENUM_CONVERSION = YES;
				CLANG_WARN_INFINITE_RECURSION = YES;
				CLANG_WARN_INT_CONVERSION = YES;
				CLANG_WARN_NON_LITERAL_NULL_CONVERSION = YES;
				CLANG_WARN_OBJC_IMPLICIT_RETAIN_SELF = YES;
				CLANG_WARN_OBJC_LITERAL_CONVERSION = YES;
				CLANG_WARN_OBJC_ROOT_CLASS = YES_ERROR;
				CLANG_WARN_QUOTED_INCLUDE_IN_FRAMEWORK_HEADER = YES;
				CLANG_WARN_RANGE_LOOP_ANALYSIS = YES;
				CLANG_WARN_STRICT_PROTOTYPES = YES;
				CLANG_WARN_SUSPICIOUS_MOVE = YES;
				CLANG_WARN_UNGUARDED_AVAILABILITY = YES_AGGRESSIVE;
				CLANG_WARN_UNREACHABLE_CODE = YES;
				CLANG_WARN__DUPLICATE_METHOD_MATCH = YES;
				COPY_PHASE_STRIP = NO;
				DEBUG_INFORMATION_FORMAT = dwarf;
				ENABLE_STRICT_OBJC_MSGSEND = YES;
				ENABLE_TESTABILITY = YES;
				GCC_C_LANGUAGE_STANDARD = gnu11;
				GCC_DYNAMIC_NO_PIC = NO;
				GCC_NO_COMMON_BLOCKS = YES;
				GCC_OPTIMIZATION_LEVEL = 0;
				GCC_PREPROCESSOR_DEFINITIONS = (
					"DEBUG=1",
					"$(inherited)",
				);
				GCC_WARN_64_TO_32_BIT_CONVERSION = YES;
				GCC_WARN_ABOUT_RETURN_TYPE = YES_ERROR;
				GCC_WARN_UNDECLARED_SELECTOR = YES;
				GCC_WARN_UNINITIALIZED_AUTOS = YES_AGGRESSIVE;
				GCC_WARN_UNUSED_FUNCTION = YES;
				GCC_WARN_UNUSED_VARIABLE = YES;
				IPHONEOS_DEPLOYMENT_TARGET = 14.4;
				MTL_ENABLE_DEBUG_INFO = INCLUDE_SOURCE;
				MTL_FAST_MATH = YES;
				ONLY_ACTIVE_ARCH = YES;
				SDKROOT = iphoneos;
				SWIFT_ACTIVE_COMPILATION_CONDITIONS = DEBUG;
				SWIFT_OPTIMIZATION_LEVEL = "-Onone";
			};
			name = Debug;
		};
		95C26509278D8D1300FCB4C5 /* Release */ = {
			isa = XCBuildConfiguration;
			buildSettings = {
				ALWAYS_SEARCH_USER_PATHS = NO;
				CLANG_ANALYZER_NONNULL = YES;
				CLANG_ANALYZER_NUMBER_OBJECT_CONVERSION = YES_AGGRESSIVE;
				CLANG_CXX_LANGUAGE_STANDARD = "gnu++14";
				CLANG_CXX_LIBRARY = "libc++";
				CLANG_ENABLE_MODULES = YES;
				CLANG_ENABLE_OBJC_ARC = YES;
				CLANG_ENABLE_OBJC_WEAK = YES;
				CLANG_WARN_BLOCK_CAPTURE_AUTORELEASING = YES;
				CLANG_WARN_BOOL_CONVERSION = YES;
				CLANG_WARN_COMMA = YES;
				CLANG_WARN_CONSTANT_CONVERSION = YES;
				CLANG_WARN_DEPRECATED_OBJC_IMPLEMENTATIONS = YES;
				CLANG_WARN_DIRECT_OBJC_ISA_USAGE = YES_ERROR;
				CLANG_WARN_DOCUMENTATION_COMMENTS = YES;
				CLANG_WARN_EMPTY_BODY = YES;
				CLANG_WARN_ENUM_CONVERSION = YES;
				CLANG_WARN_INFINITE_RECURSION = YES;
				CLANG_WARN_INT_CONVERSION = YES;
				CLANG_WARN_NON_LITERAL_NULL_CONVERSION = YES;
				CLANG_WARN_OBJC_IMPLICIT_RETAIN_SELF = YES;
				CLANG_WARN_OBJC_LITERAL_CONVERSION = YES;
				CLANG_WARN_OBJC_ROOT_CLASS = YES_ERROR;
				CLANG_WARN_QUOTED_INCLUDE_IN_FRAMEWORK_HEADER = YES;
				CLANG_WARN_RANGE_LOOP_ANALYSIS = YES;
				CLANG_WARN_STRICT_PROTOTYPES = YES;
				CLANG_WARN_SUSPICIOUS_MOVE = YES;
				CLANG_WARN_UNGUARDED_AVAILABILITY = YES_AGGRESSIVE;
				CLANG_WARN_UNREACHABLE_CODE = YES;
				CLANG_WARN__DUPLICATE_METHOD_MATCH = YES;
				COPY_PHASE_STRIP = NO;
				DEBUG_INFORMATION_FORMAT = "dwarf-with-dsym";
				ENABLE_NS_ASSERTIONS = NO;
				ENABLE_STRICT_OBJC_MSGSEND = YES;
				GCC_C_LANGUAGE_STANDARD = gnu11;
				GCC_NO_COMMON_BLOCKS = YES;
				GCC_WARN_64_TO_32_BIT_CONVERSION = YES;
				GCC_WARN_ABOUT_RETURN_TYPE = YES_ERROR;
				GCC_WARN_UNDECLARED_SELECTOR = YES;
				GCC_WARN_UNINITIALIZED_AUTOS = YES_AGGRESSIVE;
				GCC_WARN_UNUSED_FUNCTION = YES;
				GCC_WARN_UNUSED_VARIABLE = YES;
				IPHONEOS_DEPLOYMENT_TARGET = 14.4;
				MTL_ENABLE_DEBUG_INFO = NO;
				MTL_FAST_MATH = YES;
				SDKROOT = iphoneos;
				SWIFT_COMPILATION_MODE = wholemodule;
				SWIFT_OPTIMIZATION_LEVEL = "-O";
				VALIDATE_PRODUCT = YES;
			};
			name = Release;
		};
		95C2650B278D8D1300FCB4C5 /* Debug */ = {
			isa = XCBuildConfiguration;
			buildSettings = {
				ASSETCATALOG_COMPILER_APPICON_NAME = AppIcon;
				ASSETCATALOG_COMPILER_GLOBAL_ACCENT_COLOR_NAME = AccentColor;
				CODE_SIGN_STYLE = Automatic;
				DEVELOPMENT_ASSET_PATHS = "\"VKDenisDmitriev/Preview Content\"";
				ENABLE_PREVIEWS = YES;
				INFOPLIST_FILE = VKDenisDmitriev/Info.plist;
				IPHONEOS_DEPLOYMENT_TARGET = 14.0;
				LD_RUNPATH_SEARCH_PATHS = (
					"$(inherited)",
					"@executable_path/Frameworks",
				);
				PRODUCT_BUNDLE_IDENTIFIER = DenisDmitriev.VKDenisDmitriev;
				PRODUCT_NAME = "$(TARGET_NAME)";
				SWIFT_VERSION = 5.0;
				TARGETED_DEVICE_FAMILY = "1,2";
			};
			name = Debug;
		};
		95C2650C278D8D1300FCB4C5 /* Release */ = {
			isa = XCBuildConfiguration;
			buildSettings = {
				ASSETCATALOG_COMPILER_APPICON_NAME = AppIcon;
				ASSETCATALOG_COMPILER_GLOBAL_ACCENT_COLOR_NAME = AccentColor;
				CODE_SIGN_STYLE = Automatic;
				DEVELOPMENT_ASSET_PATHS = "\"VKDenisDmitriev/Preview Content\"";
				ENABLE_PREVIEWS = YES;
				INFOPLIST_FILE = VKDenisDmitriev/Info.plist;
				IPHONEOS_DEPLOYMENT_TARGET = 14.0;
				LD_RUNPATH_SEARCH_PATHS = (
					"$(inherited)",
					"@executable_path/Frameworks",
				);
				PRODUCT_BUNDLE_IDENTIFIER = DenisDmitriev.VKDenisDmitriev;
				PRODUCT_NAME = "$(TARGET_NAME)";
				SWIFT_VERSION = 5.0;
				TARGETED_DEVICE_FAMILY = "1,2";
			};
			name = Release;
		};
/* End XCBuildConfiguration section */

/* Begin XCConfigurationList section */
		95C264F6278D8D0800FCB4C5 /* Build configuration list for PBXProject "VKDenisDmitriev" */ = {
			isa = XCConfigurationList;
			buildConfigurations = (
				95C26508278D8D1300FCB4C5 /* Debug */,
				95C26509278D8D1300FCB4C5 /* Release */,
			);
			defaultConfigurationIsVisible = 0;
			defaultConfigurationName = Release;
		};
		95C2650A278D8D1300FCB4C5 /* Build configuration list for PBXNativeTarget "VKDenisDmitriev" */ = {
			isa = XCConfigurationList;
			buildConfigurations = (
				95C2650B278D8D1300FCB4C5 /* Debug */,
				95C2650C278D8D1300FCB4C5 /* Release */,
			);
			defaultConfigurationIsVisible = 0;
			defaultConfigurationName = Release;
		};
/* End XCConfigurationList section */

/* Begin XCRemoteSwiftPackageReference section */
		953977FF27A1DB2C00ABDE9A /* XCRemoteSwiftPackageReference "realm-swift" */ = {
			isa = XCRemoteSwiftPackageReference;
			repositoryURL = "https://github.com/realm/realm-swift.git";
			requirement = {
				kind = upToNextMajorVersion;
				minimumVersion = 10.22.0;
			};
		};
		95D319BB279BD79A00ED2B34 /* XCRemoteSwiftPackageReference "Kingfisher" */ = {
			isa = XCRemoteSwiftPackageReference;
			repositoryURL = "https://github.com/onevcat/Kingfisher.git";
			requirement = {
				kind = upToNextMajorVersion;
				minimumVersion = 7.1.2;
			};
		};
/* End XCRemoteSwiftPackageReference section */

/* Begin XCSwiftPackageProductDependency section */
		9539780027A1DB2C00ABDE9A /* Realm */ = {
			isa = XCSwiftPackageProductDependency;
			package = 953977FF27A1DB2C00ABDE9A /* XCRemoteSwiftPackageReference "realm-swift" */;
			productName = Realm;
		};
		9539780227A1DB2C00ABDE9A /* RealmSwift */ = {
			isa = XCSwiftPackageProductDependency;
			package = 953977FF27A1DB2C00ABDE9A /* XCRemoteSwiftPackageReference "realm-swift" */;
			productName = RealmSwift;
		};
		95D319BC279BD79A00ED2B34 /* Kingfisher */ = {
			isa = XCSwiftPackageProductDependency;
			package = 95D319BB279BD79A00ED2B34 /* XCRemoteSwiftPackageReference "Kingfisher" */;
			productName = Kingfisher;
		};
/* End XCSwiftPackageProductDependency section */
	};
	rootObject = 95C264F3278D8D0800FCB4C5 /* Project object */;
}
